// !$*UTF8*$!
{
	archiveVersion = 1;
	classes = {
	};
	objectVersion = 56;
	objects = {

/* Begin PBXBuildFile section */
		E22CF1092C0AD0CE001F331E /* AppDelegate.swift in Sources */ = {isa = PBXBuildFile; fileRef = E22CF1082C0AD0CE001F331E /* AppDelegate.swift */; };
		E22CF10B2C0AD0CE001F331E /* SceneDelegate.swift in Sources */ = {isa = PBXBuildFile; fileRef = E22CF10A2C0AD0CE001F331E /* SceneDelegate.swift */; };
		E22CF10D2C0AD0CE001F331E /* ViewController.swift in Sources */ = {isa = PBXBuildFile; fileRef = E22CF10C2C0AD0CE001F331E /* ViewController.swift */; };
		E22CF1102C0AD0CE001F331E /* Base in Resources */ = {isa = PBXBuildFile; fileRef = E22CF10F2C0AD0CE001F331E /* Base */; };
		E22CF1122C0AD0D0001F331E /* Assets.xcassets in Resources */ = {isa = PBXBuildFile; fileRef = E22CF1112C0AD0D0001F331E /* Assets.xcassets */; };
		E22CF1152C0AD0D0001F331E /* Base in Resources */ = {isa = PBXBuildFile; fileRef = E22CF1142C0AD0D0001F331E /* Base */; };
		E22CF1202C0AD0D0001F331E /* sampleTests.swift in Sources */ = {isa = PBXBuildFile; fileRef = E22CF11F2C0AD0D0001F331E /* sampleTests.swift */; };
		E22CF12A2C0AD0D0001F331E /* sampleUITests.swift in Sources */ = {isa = PBXBuildFile; fileRef = E22CF1292C0AD0D0001F331E /* sampleUITests.swift */; };
		E22CF12C2C0AD0D0001F331E /* sampleUITestsLaunchTests.swift in Sources */ = {isa = PBXBuildFile; fileRef = E22CF12B2C0AD0D0001F331E /* sampleUITestsLaunchTests.swift */; };
/* End PBXBuildFile section */

/* Begin PBXContainerItemProxy section */
		E22CF11C2C0AD0D0001F331E /* PBXContainerItemProxy */ = {
			isa = PBXContainerItemProxy;
			containerPortal = E22CF0FD2C0AD0CE001F331E /* Project object */;
			proxyType = 1;
			remoteGlobalIDString = E22CF1042C0AD0CE001F331E;
			remoteInfo = sample;
		};
		E22CF1262C0AD0D0001F331E /* PBXContainerItemProxy */ = {
			isa = PBXContainerItemProxy;
			containerPortal = E22CF0FD2C0AD0CE001F331E /* Project object */;
			proxyType = 1;
			remoteGlobalIDString = E22CF1042C0AD0CE001F331E;
			remoteInfo = sample;
		};
/* End PBXContainerItemProxy section */

/* Begin PBXFileReference section */
		E22CF1052C0AD0CE001F331E /* sample.app */ = {isa = PBXFileReference; explicitFileType = wrapper.application; includeInIndex = 0; path = sample.app; sourceTree = BUILT_PRODUCTS_DIR; };
		E22CF1082C0AD0CE001F331E /* AppDelegate.swift */ = {isa = PBXFileReference; lastKnownFileType = sourcecode.swift; path = AppDelegate.swift; sourceTree = "<group>"; };
		E22CF10A2C0AD0CE001F331E /* SceneDelegate.swift */ = {isa = PBXFileReference; lastKnownFileType = sourcecode.swift; path = SceneDelegate.swift; sourceTree = "<group>"; };
		E22CF10C2C0AD0CE001F331E /* ViewController.swift */ = {isa = PBXFileReference; lastKnownFileType = sourcecode.swift; path = ViewController.swift; sourceTree = "<group>"; };
		E22CF10F2C0AD0CE001F331E /* Base */ = {isa = PBXFileReference; lastKnownFileType = file.storyboard; name = Base; path = Base.lproj/Main.storyboard; sourceTree = "<group>"; };
		E22CF1112C0AD0D0001F331E /* Assets.xcassets */ = {isa = PBXFileReference; lastKnownFileType = folder.assetcatalog; path = Assets.xcassets; sourceTree = "<group>"; };
		E22CF1142C0AD0D0001F331E /* Base */ = {isa = PBXFileReference; lastKnownFileType = file.storyboard; name = Base; path = Base.lproj/LaunchScreen.storyboard; sourceTree = "<group>"; };
		E22CF1162C0AD0D0001F331E /* Info.plist */ = {isa = PBXFileReference; lastKnownFileType = text.plist.xml; path = Info.plist; sourceTree = "<group>"; };
		E22CF11B2C0AD0D0001F331E /* sampleTests.xctest */ = {isa = PBXFileReference; explicitFileType = wrapper.cfbundle; includeInIndex = 0; path = sampleTests.xctest; sourceTree = BUILT_PRODUCTS_DIR; };
		E22CF11F2C0AD0D0001F331E /* sampleTests.swift */ = {isa = PBXFileReference; lastKnownFileType = sourcecode.swift; path = sampleTests.swift; sourceTree = "<group>"; };
		E22CF1252C0AD0D0001F331E /* sampleUITests.xctest */ = {isa = PBXFileReference; explicitFileType = wrapper.cfbundle; includeInIndex = 0; path = sampleUITests.xctest; sourceTree = BUILT_PRODUCTS_DIR; };
		E22CF1292C0AD0D0001F331E /* sampleUITests.swift */ = {isa = PBXFileReference; lastKnownFileType = sourcecode.swift; path = sampleUITests.swift; sourceTree = "<group>"; };
		E22CF12B2C0AD0D0001F331E /* sampleUITestsLaunchTests.swift */ = {isa = PBXFileReference; lastKnownFileType = sourcecode.swift; path = sampleUITestsLaunchTests.swift; sourceTree = "<group>"; };
/* End PBXFileReference section */

/* Begin PBXFrameworksBuildPhase section */
		E22CF1022C0AD0CE001F331E /* Frameworks */ = {
			isa = PBXFrameworksBuildPhase;
			buildActionMask = 2147483647;
			files = (
			);
			runOnlyForDeploymentPostprocessing = 0;
		};
		E22CF1182C0AD0D0001F331E /* Frameworks */ = {
			isa = PBXFrameworksBuildPhase;
			buildActionMask = 2147483647;
			files = (
			);
			runOnlyForDeploymentPostprocessing = 0;
		};
		E22CF1222C0AD0D0001F331E /* Frameworks */ = {
			isa = PBXFrameworksBuildPhase;
			buildActionMask = 2147483647;
			files = (
			);
			runOnlyForDeploymentPostprocessing = 0;
		};
/* End PBXFrameworksBuildPhase section */

/* Begin PBXGroup section */
		E22CF0FC2C0AD0CE001F331E = {
			isa = PBXGroup;
			children = (
				E22CF1072C0AD0CE001F331E /* sample */,
				E22CF11E2C0AD0D0001F331E /* sampleTests */,
				E22CF1282C0AD0D0001F331E /* sampleUITests */,
				E22CF1062C0AD0CE001F331E /* Products */,
			);
			sourceTree = "<group>";
		};
		E22CF1062C0AD0CE001F331E /* Products */ = {
			isa = PBXGroup;
			children = (
				E22CF1052C0AD0CE001F331E /* sample.app */,
				E22CF11B2C0AD0D0001F331E /* sampleTests.xctest */,
				E22CF1252C0AD0D0001F331E /* sampleUITests.xctest */,
			);
			name = Products;
			sourceTree = "<group>";
		};
		E22CF1072C0AD0CE001F331E /* sample */ = {
			isa = PBXGroup;
			children = (
				E22CF1082C0AD0CE001F331E /* AppDelegate.swift */,
				E22CF10A2C0AD0CE001F331E /* SceneDelegate.swift */,
				E22CF10C2C0AD0CE001F331E /* ViewController.swift */,
				E22CF10E2C0AD0CE001F331E /* Main.storyboard */,
				E22CF1112C0AD0D0001F331E /* Assets.xcassets */,
				E22CF1132C0AD0D0001F331E /* LaunchScreen.storyboard */,
				E22CF1162C0AD0D0001F331E /* Info.plist */,
			);
			path = sample;
			sourceTree = "<group>";
		};
		E22CF11E2C0AD0D0001F331E /* sampleTests */ = {
			isa = PBXGroup;
			children = (
				E22CF11F2C0AD0D0001F331E /* sampleTests.swift */,
			);
			path = sampleTests;
			sourceTree = "<group>";
		};
		E22CF1282C0AD0D0001F331E /* sampleUITests */ = {
			isa = PBXGroup;
			children = (
				E22CF1292C0AD0D0001F331E /* sampleUITests.swift */,
				E22CF12B2C0AD0D0001F331E /* sampleUITestsLaunchTests.swift */,
			);
			path = sampleUITests;
			sourceTree = "<group>";
		};
/* End PBXGroup section */

/* Begin PBXNativeTarget section */
		E22CF1042C0AD0CE001F331E /* sample */ = {
			isa = PBXNativeTarget;
			buildConfigurationList = E22CF12F2C0AD0D0001F331E /* Build configuration list for PBXNativeTarget "sample" */;
			buildPhases = (
				E22CF1012C0AD0CE001F331E /* Sources */,
				E22CF1022C0AD0CE001F331E /* Frameworks */,
				E22CF1032C0AD0CE001F331E /* Resources */,
			);
			buildRules = (
			);
			dependencies = (
			);
			name = sample;
			productName = sample;
			productReference = E22CF1052C0AD0CE001F331E /* sample.app */;
			productType = "com.apple.product-type.application";
		};
		E22CF11A2C0AD0D0001F331E /* sampleTests */ = {
			isa = PBXNativeTarget;
			buildConfigurationList = E22CF1322C0AD0D0001F331E /* Build configuration list for PBXNativeTarget "sampleTests" */;
			buildPhases = (
				E22CF1172C0AD0D0001F331E /* Sources */,
				E22CF1182C0AD0D0001F331E /* Frameworks */,
				E22CF1192C0AD0D0001F331E /* Resources */,
			);
			buildRules = (
			);
			dependencies = (
				E22CF11D2C0AD0D0001F331E /* PBXTargetDependency */,
			);
			name = sampleTests;
			productName = sampleTests;
			productReference = E22CF11B2C0AD0D0001F331E /* sampleTests.xctest */;
			productType = "com.apple.product-type.bundle.unit-test";
		};
		E22CF1242C0AD0D0001F331E /* sampleUITests */ = {
			isa = PBXNativeTarget;
			buildConfigurationList = E22CF1352C0AD0D0001F331E /* Build configuration list for PBXNativeTarget "sampleUITests" */;
			buildPhases = (
				E22CF1212C0AD0D0001F331E /* Sources */,
				E22CF1222C0AD0D0001F331E /* Frameworks */,
				E22CF1232C0AD0D0001F331E /* Resources */,
			);
			buildRules = (
			);
			dependencies = (
				E22CF1272C0AD0D0001F331E /* PBXTargetDependency */,
			);
			name = sampleUITests;
			productName = sampleUITests;
			productReference = E22CF1252C0AD0D0001F331E /* sampleUITests.xctest */;
			productType = "com.apple.product-type.bundle.ui-testing";
		};
/* End PBXNativeTarget section */

/* Begin PBXProject section */
		E22CF0FD2C0AD0CE001F331E /* Project object */ = {
			isa = PBXProject;
			attributes = {
				BuildIndependentTargetsInParallel = 1;
				LastSwiftUpdateCheck = 1540;
				LastUpgradeCheck = 1540;
				TargetAttributes = {
					E22CF1042C0AD0CE001F331E = {
						CreatedOnToolsVersion = 15.4;
					};
					E22CF11A2C0AD0D0001F331E = {
						CreatedOnToolsVersion = 15.4;
						TestTargetID = E22CF1042C0AD0CE001F331E;
					};
					E22CF1242C0AD0D0001F331E = {
						CreatedOnToolsVersion = 15.4;
						TestTargetID = E22CF1042C0AD0CE001F331E;
					};
				};
			};
			buildConfigurationList = E22CF1002C0AD0CE001F331E /* Build configuration list for PBXProject "sample" */;
			compatibilityVersion = "Xcode 14.0";
			developmentRegion = en;
			hasScannedForEncodings = 0;
			knownRegions = (
				en,
				Base,
			);
			mainGroup = E22CF0FC2C0AD0CE001F331E;
			productRefGroup = E22CF1062C0AD0CE001F331E /* Products */;
			projectDirPath = "";
			projectRoot = "";
			targets = (
				E22CF1042C0AD0CE001F331E /* sample */,
				E22CF11A2C0AD0D0001F331E /* sampleTests */,
				E22CF1242C0AD0D0001F331E /* sampleUITests */,
			);
		};
/* End PBXProject section */

/* Begin PBXResourcesBuildPhase section */
		E22CF1032C0AD0CE001F331E /* Resources */ = {
			isa = PBXResourcesBuildPhase;
			buildActionMask = 2147483647;
			files = (
				E22CF1122C0AD0D0001F331E /* Assets.xcassets in Resources */,
				E22CF1152C0AD0D0001F331E /* Base in Resources */,
				E22CF1102C0AD0CE001F331E /* Base in Resources */,
			);
			runOnlyForDeploymentPostprocessing = 0;
		};
		E22CF1192C0AD0D0001F331E /* Resources */ = {
			isa = PBXResourcesBuildPhase;
			buildActionMask = 2147483647;
			files = (
			);
			runOnlyForDeploymentPostprocessing = 0;
		};
		E22CF1232C0AD0D0001F331E /* Resources */ = {
			isa = PBXResourcesBuildPhase;
			buildActionMask = 2147483647;
			files = (
			);
			runOnlyForDeploymentPostprocessing = 0;
		};
/* End PBXResourcesBuildPhase section */

/* Begin PBXSourcesBuildPhase section */
		E22CF1012C0AD0CE001F331E /* Sources */ = {
			isa = PBXSourcesBuildPhase;
			buildActionMask = 2147483647;
			files = (
				E22CF10D2C0AD0CE001F331E /* ViewController.swift in Sources */,
				E22CF1092C0AD0CE001F331E /* AppDelegate.swift in Sources */,
				E22CF10B2C0AD0CE001F331E /* SceneDelegate.swift in Sources */,
			);
			runOnlyForDeploymentPostprocessing = 0;
		};
		E22CF1172C0AD0D0001F331E /* Sources */ = {
			isa = PBXSourcesBuildPhase;
			buildActionMask = 2147483647;
			files = (
				E22CF1202C0AD0D0001F331E /* sampleTests.swift in Sources */,
			);
			runOnlyForDeploymentPostprocessing = 0;
		};
		E22CF1212C0AD0D0001F331E /* Sources */ = {
			isa = PBXSourcesBuildPhase;
			buildActionMask = 2147483647;
			files = (
				E22CF12C2C0AD0D0001F331E /* sampleUITestsLaunchTests.swift in Sources */,
				E22CF12A2C0AD0D0001F331E /* sampleUITests.swift in Sources */,
			);
			runOnlyForDeploymentPostprocessing = 0;
		};
/* End PBXSourcesBuildPhase section */

/* Begin PBXTargetDependency section */
		E22CF11D2C0AD0D0001F331E /* PBXTargetDependency */ = {
			isa = PBXTargetDependency;
			target = E22CF1042C0AD0CE001F331E /* sample */;
			targetProxy = E22CF11C2C0AD0D0001F331E /* PBXContainerItemProxy */;
		};
		E22CF1272C0AD0D0001F331E /* PBXTargetDependency */ = {
			isa = PBXTargetDependency;
			target = E22CF1042C0AD0CE001F331E /* sample */;
			targetProxy = E22CF1262C0AD0D0001F331E /* PBXContainerItemProxy */;
		};
/* End PBXTargetDependency section */

/* Begin PBXVariantGroup section */
		E22CF10E2C0AD0CE001F331E /* Main.storyboard */ = {
			isa = PBXVariantGroup;
			children = (
				E22CF10F2C0AD0CE001F331E /* Base */,
			);
			name = Main.storyboard;
			sourceTree = "<group>";
		};
		E22CF1132C0AD0D0001F331E /* LaunchScreen.storyboard */ = {
			isa = PBXVariantGroup;
			children = (
				E22CF1142C0AD0D0001F331E /* Base */,
			);
			name = LaunchScreen.storyboard;
			sourceTree = "<group>";
		};
/* End PBXVariantGroup section */

/* Begin XCBuildConfiguration section */
		E22CF12D2C0AD0D0001F331E /* Debug */ = {
			isa = XCBuildConfiguration;
			buildSettings = {
				ALWAYS_SEARCH_USER_PATHS = NO;
				ASSETCATALOG_COMPILER_GENERATE_SWIFT_ASSET_SYMBOL_EXTENSIONS = YES;
				CLANG_ANALYZER_NONNULL = YES;
				CLANG_ANALYZER_NUMBER_OBJECT_CONVERSION = YES_AGGRESSIVE;
				CLANG_CXX_LANGUAGE_STANDARD = "gnu++20";
				CLANG_ENABLE_MODULES = YES;
				CLANG_ENABLE_OBJC_ARC = YES;
				CLANG_ENABLE_OBJC_WEAK = YES;
				CLANG_WARN_BLOCK_CAPTURE_AUTORELEASING = YES;
				CLANG_WARN_BOOL_CONVERSION = YES;
				CLANG_WARN_COMMA = YES;
				CLANG_WARN_CONSTANT_CONVERSION = YES;
				CLANG_WARN_DEPRECATED_OBJC_IMPLEMENTATIONS = YES;
				CLANG_WARN_DIRECT_OBJC_ISA_USAGE = YES_ERROR;
				CLANG_WARN_DOCUMENTATION_COMMENTS = YES;
				CLANG_WARN_EMPTY_BODY = YES;
				CLANG_WARN_ENUM_CONVERSION = YES;
				CLANG_WARN_INFINITE_RECURSION = YES;
				CLANG_WARN_INT_CONVERSION = YES;
				CLANG_WARN_NON_LITERAL_NULL_CONVERSION = YES;
				CLANG_WARN_OBJC_IMPLICIT_RETAIN_SELF = YES;
				CLANG_WARN_OBJC_LITERAL_CONVERSION = YES;
				CLANG_WARN_OBJC_ROOT_CLASS = YES_ERROR;
				CLANG_WARN_QUOTED_INCLUDE_IN_FRAMEWORK_HEADER = YES;
				CLANG_WARN_RANGE_LOOP_ANALYSIS = YES;
				CLANG_WARN_STRICT_PROTOTYPES = YES;
				CLANG_WARN_SUSPICIOUS_MOVE = YES;
				CLANG_WARN_UNGUARDED_AVAILABILITY = YES_AGGRESSIVE;
				CLANG_WARN_UNREACHABLE_CODE = YES;
				CLANG_WARN__DUPLICATE_METHOD_MATCH = YES;
				COPY_PHASE_STRIP = NO;
				DEBUG_INFORMATION_FORMAT = dwarf;
				ENABLE_STRICT_OBJC_MSGSEND = YES;
				ENABLE_TESTABILITY = YES;
				ENABLE_USER_SCRIPT_SANDBOXING = YES;
				GCC_C_LANGUAGE_STANDARD = gnu17;
				GCC_DYNAMIC_NO_PIC = NO;
				GCC_NO_COMMON_BLOCKS = YES;
				GCC_OPTIMIZATION_LEVEL = 0;
				GCC_PREPROCESSOR_DEFINITIONS = (
					"DEBUG=1",
					"$(inherited)",
				);
				GCC_WARN_64_TO_32_BIT_CONVERSION = YES;
				GCC_WARN_ABOUT_RETURN_TYPE = YES_ERROR;
				GCC_WARN_UNDECLARED_SELECTOR = YES;
				GCC_WARN_UNINITIALIZED_AUTOS = YES_AGGRESSIVE;
				GCC_WARN_UNUSED_FUNCTION = YES;
				GCC_WARN_UNUSED_VARIABLE = YES;
				IPHONEOS_DEPLOYMENT_TARGET = 17.5;
				LOCALIZATION_PREFERS_STRING_CATALOGS = YES;
				MTL_ENABLE_DEBUG_INFO = INCLUDE_SOURCE;
				MTL_FAST_MATH = YES;
				ONLY_ACTIVE_ARCH = YES;
				SDKROOT = iphoneos;
				SWIFT_ACTIVE_COMPILATION_CONDITIONS = "DEBUG $(inherited)";
				SWIFT_OPTIMIZATION_LEVEL = "-Onone";
			};
			name = Debug;
		};
		E22CF12E2C0AD0D0001F331E /* Release */ = {
			isa = XCBuildConfiguration;
			buildSettings = {
				ALWAYS_SEARCH_USER_PATHS = NO;
				ASSETCATALOG_COMPILER_GENERATE_SWIFT_ASSET_SYMBOL_EXTENSIONS = YES;
				CLANG_ANALYZER_NONNULL = YES;
				CLANG_ANALYZER_NUMBER_OBJECT_CONVERSION = YES_AGGRESSIVE;
				CLANG_CXX_LANGUAGE_STANDARD = "gnu++20";
				CLANG_ENABLE_MODULES = YES;
				CLANG_ENABLE_OBJC_ARC = YES;
				CLANG_ENABLE_OBJC_WEAK = YES;
				CLANG_WARN_BLOCK_CAPTURE_AUTORELEASING = YES;
				CLANG_WARN_BOOL_CONVERSION = YES;
				CLANG_WARN_COMMA = YES;
				CLANG_WARN_CONSTANT_CONVERSION = YES;
				CLANG_WARN_DEPRECATED_OBJC_IMPLEMENTATIONS = YES;
				CLANG_WARN_DIRECT_OBJC_ISA_USAGE = YES_ERROR;
				CLANG_WARN_DOCUMENTATION_COMMENTS = YES;
				CLANG_WARN_EMPTY_BODY = YES;
				CLANG_WARN_ENUM_CONVERSION = YES;
				CLANG_WARN_INFINITE_RECURSION = YES;
				CLANG_WARN_INT_CONVERSION = YES;
				CLANG_WARN_NON_LITERAL_NULL_CONVERSION = YES;
				CLANG_WARN_OBJC_IMPLICIT_RETAIN_SELF = YES;
				CLANG_WARN_OBJC_LITERAL_CONVERSION = YES;
				CLANG_WARN_OBJC_ROOT_CLASS = YES_ERROR;
				CLANG_WARN_QUOTED_INCLUDE_IN_FRAMEWORK_HEADER = YES;
				CLANG_WARN_RANGE_LOOP_ANALYSIS = YES;
				CLANG_WARN_STRICT_PROTOTYPES = YES;
				CLANG_WARN_SUSPICIOUS_MOVE = YES;
				CLANG_WARN_UNGUARDED_AVAILABILITY = YES_AGGRESSIVE;
				CLANG_WARN_UNREACHABLE_CODE = YES;
				CLANG_WARN__DUPLICATE_METHOD_MATCH = YES;
				COPY_PHASE_STRIP = NO;
				DEBUG_INFORMATION_FORMAT = "dwarf-with-dsym";
				ENABLE_NS_ASSERTIONS = NO;
				ENABLE_STRICT_OBJC_MSGSEND = YES;
				ENABLE_USER_SCRIPT_SANDBOXING = YES;
				GCC_C_LANGUAGE_STANDARD = gnu17;
				GCC_NO_COMMON_BLOCKS = YES;
				GCC_WARN_64_TO_32_BIT_CONVERSION = YES;
				GCC_WARN_ABOUT_RETURN_TYPE = YES_ERROR;
				GCC_WARN_UNDECLARED_SELECTOR = YES;
				GCC_WARN_UNINITIALIZED_AUTOS = YES_AGGRESSIVE;
				GCC_WARN_UNUSED_FUNCTION = YES;
				GCC_WARN_UNUSED_VARIABLE = YES;
				IPHONEOS_DEPLOYMENT_TARGET = 17.5;
				LOCALIZATION_PREFERS_STRING_CATALOGS = YES;
				MTL_ENABLE_DEBUG_INFO = NO;
				MTL_FAST_MATH = YES;
				SDKROOT = iphoneos;
				SWIFT_COMPILATION_MODE = wholemodule;
				VALIDATE_PRODUCT = YES;
			};
			name = Release;
		};
		E22CF1302C0AD0D0001F331E /* Debug */ = {
			isa = XCBuildConfiguration;
			buildSettings = {
				ASSETCATALOG_COMPILER_APPICON_NAME = AppIcon;
				ASSETCATALOG_COMPILER_GLOBAL_ACCENT_COLOR_NAME = AccentColor;
				CODE_SIGN_STYLE = Automatic;
				CURRENT_PROJECT_VERSION = 1;
				GENERATE_INFOPLIST_FILE = YES;
				INFOPLIST_FILE = sample/Info.plist;
				INFOPLIST_KEY_UIApplicationSupportsIndirectInputEvents = YES;
				INFOPLIST_KEY_UILaunchStoryboardName = LaunchScreen;
				INFOPLIST_KEY_UIMainStoryboardFile = Main;
				INFOPLIST_KEY_UISupportedInterfaceOrientations_iPad = "UIInterfaceOrientationPortrait UIInterfaceOrientationPortraitUpsideDown UIInterfaceOrientationLandscapeLeft UIInterfaceOrientationLandscapeRight";
				INFOPLIST_KEY_UISupportedInterfaceOrientations_iPhone = "UIInterfaceOrientationPortrait UIInterfaceOrientationLandscapeLeft UIInterfaceOrientationLandscapeRight";
				LD_RUNPATH_SEARCH_PATHS = (
					"$(inherited)",
					"@executable_path/Frameworks",
				);
				MARKETING_VERSION = 1.0;
				PRODUCT_BUNDLE_IDENTIFIER = com.conestogac.sample;
				PRODUCT_NAME = "$(TARGET_NAME)";
				SWIFT_EMIT_LOC_STRINGS = YES;
				SWIFT_VERSION = 5.0;
				TARGETED_DEVICE_FAMILY = "1,2";
			};
			name = Debug;
		};
		E22CF1312C0AD0D0001F331E /* Release */ = {
			isa = XCBuildConfiguration;
			buildSettings = {
				ASSETCATALOG_COMPILER_APPICON_NAME = AppIcon;
				ASSETCATALOG_COMPILER_GLOBAL_ACCENT_COLOR_NAME = AccentColor;
				CODE_SIGN_STYLE = Automatic;
				CURRENT_PROJECT_VERSION = 1;
				GENERATE_INFOPLIST_FILE = YES;
				INFOPLIST_FILE = sample/Info.plist;
				INFOPLIST_KEY_UIApplicationSupportsIndirectInputEvents = YES;
				INFOPLIST_KEY_UILaunchStoryboardName = LaunchScreen;
				INFOPLIST_KEY_UIMainStoryboardFile = Main;
				INFOPLIST_KEY_UISupportedInterfaceOrientations_iPad = "UIInterfaceOrientationPortrait UIInterfaceOrientationPortraitUpsideDown UIInterfaceOrientationLandscapeLeft UIInterfaceOrientationLandscapeRight";
				INFOPLIST_KEY_UISupportedInterfaceOrientations_iPhone = "UIInterfaceOrientationPortrait UIInterfaceOrientationLandscapeLeft UIInterfaceOrientationLandscapeRight";
				LD_RUNPATH_SEARCH_PATHS = (
					"$(inherited)",
					"@executable_path/Frameworks",
				);
				MARKETING_VERSION = 1.0;
				PRODUCT_BUNDLE_IDENTIFIER = com.conestogac.sample;
				PRODUCT_NAME = "$(TARGET_NAME)";
				SWIFT_EMIT_LOC_STRINGS = YES;
				SWIFT_VERSION = 5.0;
				TARGETED_DEVICE_FAMILY = "1,2";
			};
			name = Release;
		};
		E22CF1332C0AD0D0001F331E /* Debug */ = {
			isa = XCBuildConfiguration;
			buildSettings = {
				ALWAYS_EMBED_SWIFT_STANDARD_LIBRARIES = YES;
				BUNDLE_LOADER = "$(TEST_HOST)";
				CODE_SIGN_STYLE = Automatic;
				CURRENT_PROJECT_VERSION = 1;
				GENERATE_INFOPLIST_FILE = YES;
				IPHONEOS_DEPLOYMENT_TARGET = 17.5;
				MARKETING_VERSION = 1.0;
				PRODUCT_BUNDLE_IDENTIFIER = com.conestogac.sampleTests;
				PRODUCT_NAME = "$(TARGET_NAME)";
				SWIFT_EMIT_LOC_STRINGS = NO;
				SWIFT_VERSION = 5.0;
				TARGETED_DEVICE_FAMILY = "1,2";
				TEST_HOST = "$(BUILT_PRODUCTS_DIR)/sample.app/$(BUNDLE_EXECUTABLE_FOLDER_PATH)/sample";
			};
			name = Debug;
		};
		E22CF1342C0AD0D0001F331E /* Release */ = {
			isa = XCBuildConfiguration;
			buildSettings = {
				ALWAYS_EMBED_SWIFT_STANDARD_LIBRARIES = YES;
				BUNDLE_LOADER = "$(TEST_HOST)";
				CODE_SIGN_STYLE = Automatic;
				CURRENT_PROJECT_VERSION = 1;
				GENERATE_INFOPLIST_FILE = YES;
				IPHONEOS_DEPLOYMENT_TARGET = 17.5;
				MARKETING_VERSION = 1.0;
				PRODUCT_BUNDLE_IDENTIFIER = com.conestogac.sampleTests;
				PRODUCT_NAME = "$(TARGET_NAME)";
				SWIFT_EMIT_LOC_STRINGS = NO;
				SWIFT_VERSION = 5.0;
				TARGETED_DEVICE_FAMILY = "1,2";
				TEST_HOST = "$(BUILT_PRODUCTS_DIR)/sample.app/$(BUNDLE_EXECUTABLE_FOLDER_PATH)/sample";
			};
			name = Release;
		};
		E22CF1362C0AD0D0001F331E /* Debug */ = {
			isa = XCBuildConfiguration;
			buildSettings = {
				ALWAYS_EMBED_SWIFT_STANDARD_LIBRARIES = YES;
				CODE_SIGN_STYLE = Automatic;
				CURRENT_PROJECT_VERSION = 1;
				GENERATE_INFOPLIST_FILE = YES;
				MARKETING_VERSION = 1.0;
				PRODUCT_BUNDLE_IDENTIFIER = com.conestogac.sampleUITests;
				PRODUCT_NAME = "$(TARGET_NAME)";
				SWIFT_EMIT_LOC_STRINGS = NO;
				SWIFT_VERSION = 5.0;
				TARGETED_DEVICE_FAMILY = "1,2";
				TEST_TARGET_NAME = sample;
			};
			name = Debug;
		};
		E22CF1372C0AD0D0001F331E /* Release */ = {
			isa = XCBuildConfiguration;
			buildSettings = {
				ALWAYS_EMBED_SWIFT_STANDARD_LIBRARIES = YES;
				CODE_SIGN_STYLE = Automatic;
				CURRENT_PROJECT_VERSION = 1;
				GENERATE_INFOPLIST_FILE = YES;
				MARKETING_VERSION = 1.0;
				PRODUCT_BUNDLE_IDENTIFIER = com.conestogac.sampleUITests;
				PRODUCT_NAME = "$(TARGET_NAME)";
				SWIFT_EMIT_LOC_STRINGS = NO;
				SWIFT_VERSION = 5.0;
				TARGETED_DEVICE_FAMILY = "1,2";
				TEST_TARGET_NAME = sample;
			};
			name = Release;
		};
/* End XCBuildConfiguration section */

/* Begin XCConfigurationList section */
		E22CF1002C0AD0CE001F331E /* Build configuration list for PBXProject "sample" */ = {
			isa = XCConfigurationList;
			buildConfigurations = (
				E22CF12D2C0AD0D0001F331E /* Debug */,
				E22CF12E2C0AD0D0001F331E /* Release */,
			);
			defaultConfigurationIsVisible = 0;
			defaultConfigurationName = Release;
		};
		E22CF12F2C0AD0D0001F331E /* Build configuration list for PBXNativeTarget "sample" */ = {
			isa = XCConfigurationList;
			buildConfigurations = (
				E22CF1302C0AD0D0001F331E /* Debug */,
				E22CF1312C0AD0D0001F331E /* Release */,
			);
			defaultConfigurationIsVisible = 0;
			defaultConfigurationName = Release;
		};
		E22CF1322C0AD0D0001F331E /* Build configuration list for PBXNativeTarget "sampleTests" */ = {
			isa = XCConfigurationList;
			buildConfigurations = (
				E22CF1332C0AD0D0001F331E /* Debug */,
				E22CF1342C0AD0D0001F331E /* Release */,
			);
			defaultConfigurationIsVisible = 0;
			defaultConfigurationName = Release;
		};
		E22CF1352C0AD0D0001F331E /* Build configuration list for PBXNativeTarget "sampleUITests" */ = {
			isa = XCConfigurationList;
			buildConfigurations = (
				E22CF1362C0AD0D0001F331E /* Debug */,
				E22CF1372C0AD0D0001F331E /* Release */,
			);
			defaultConfigurationIsVisible = 0;
			defaultConfigurationName = Release;
		};
/* End XCConfigurationList section */
	};
	rootObject = E22CF0FD2C0AD0CE001F331E /* Project object */;
}
